
Microsoft Visual Studio Solution File, Format Version 12.00
# Visual Studio 15
VisualStudioVersion = 15.0.27004.2008
MinimumVisualStudioVersion = 10.0.40219.1
Project("{2150E333-8FDC-42A3-9474-1A3956D46DE8}") = "Src", "Src", "{966C4B32-90C5-4539-BF99-B5613B3AD562}"
EndProject
Project("{2150E333-8FDC-42A3-9474-1A3956D46DE8}") = "Test", "Test", "{9E4AEC35-A60C-4708-A13C-B1D280198C6A}"
EndProject
Project("{FAE04EC0-301F-11D3-BF4B-00C04F79EFBC}") = "ExternalSorting", "ExternalSorting\ExternalSorting.csproj", "{7365C649-7706-4D40-B40C-C9272D3ACDF1}"
EndProject
Global
	GlobalSection(SolutionConfigurationPlatforms) = preSolution
		Debug|Any CPU = Debug|Any CPU
		Release|Any CPU = Release|Any CPU
	EndGlobalSection
	GlobalSection(ProjectConfigurationPlatforms) = postSolution
		{7365C649-7706-4D40-B40C-C9272D3ACDF1}.Debug|Any CPU.ActiveCfg = Debug|Any CPU
		{7365C649-7706-4D40-B40C-C9272D3ACDF1}.Debug|Any CPU.Build.0 = Debug|Any CPU
		{7365C649-7706-4D40-B40C-C9272D3ACDF1}.Release|Any CPU.ActiveCfg = Release|Any CPU
		{7365C649-7706-4D40-B40C-C9272D3ACDF1}.Release|Any CPU.Build.0 = Release|Any CPU
	EndGlobalSection
	GlobalSection(SolutionProperties) = preSolution
		HideSolutionNode = FALSE
	EndGlobalSection
	GlobalSection(NestedProjects) = preSolution
		{7365C649-7706-4D40-B40C-C9272D3ACDF1} = {966C4B32-90C5-4539-BF99-B5613B3AD562}
	EndGlobalSection
	GlobalSection(ExtensibilityGlobals) = postSolution
		SolutionGuid = {8FCA4C94-B678-4E3A-9AA3-9C8C154C25CC}
	EndGlobalSection
EndGlobal
